
Microsoft Visual Studio Solution File, Format Version 12.00
# Visual Studio Version 17
VisualStudioVersion = 17.0.31903.59
MinimumVisualStudioVersion = 10.0.40219.1
Project("{2150E333-8FDC-42A3-9474-1A3956D46DE8}") = "src", "src", "{6B45A33A-4D04-4091-85AB-5D04FDE7B391}"
EndProject
Project("{FAE04EC0-301F-11D3-BF4B-00C04F79EFBC}") = "OrderManagement.Domain", "src\OrderManagement.Domain\OrderManagement.Domain.csproj", "{75B8179F-0083-4511-8B77-954CC6F5907C}"
EndProject
Project("{FAE04EC0-301F-11D3-BF4B-00C04F79EFBC}") = "OrderManagement.Application", "src\OrderManagement.Application\OrderManagement.Application.csproj", "{F52F836D-A749-400B-AF10-DA34A0132491}"
EndProject
Project("{FAE04EC0-301F-11D3-BF4B-00C04F79EFBC}") = "OrderManagement.Infrastructure", "src\OrderManagement.Infrastructure\OrderManagement.Infrastructure.csproj", "{8E743074-C74E-4C26-9E0C-2FB46D4E8043}"
EndProject
Project("{FAE04EC0-301F-11D3-BF4B-00C04F79EFBC}") = "OrderManagement.API", "src\OrderManagement.API\OrderManagement.API.csproj", "{B5002526-D353-4995-9795-32F04E2408F8}"
EndProject
Global
	GlobalSection(SolutionConfigurationPlatforms) = preSolution
		Debug|Any CPU = Debug|Any CPU
		Release|Any CPU = Release|Any CPU
	EndGlobalSection
	GlobalSection(SolutionProperties) = preSolution
		HideSolutionNode = FALSE
	EndGlobalSection
	GlobalSection(ProjectConfigurationPlatforms) = postSolution
		{75B8179F-0083-4511-8B77-954CC6F5907C}.Debug|Any CPU.ActiveCfg = Debug|Any CPU
		{75B8179F-0083-4511-8B77-954CC6F5907C}.Debug|Any CPU.Build.0 = Debug|Any CPU
		{75B8179F-0083-4511-8B77-954CC6F5907C}.Release|Any CPU.ActiveCfg = Release|Any CPU
		{75B8179F-0083-4511-8B77-954CC6F5907C}.Release|Any CPU.Build.0 = Release|Any CPU
		{F52F836D-A749-400B-AF10-DA34A0132491}.Debug|Any CPU.ActiveCfg = Debug|Any CPU
		{F52F836D-A749-400B-AF10-DA34A0132491}.Debug|Any CPU.Build.0 = Debug|Any CPU
		{F52F836D-A749-400B-AF10-DA34A0132491}.Release|Any CPU.ActiveCfg = Release|Any CPU
		{F52F836D-A749-400B-AF10-DA34A0132491}.Release|Any CPU.Build.0 = Release|Any CPU
		{8E743074-C74E-4C26-9E0C-2FB46D4E8043}.Debug|Any CPU.ActiveCfg = Debug|Any CPU
		{8E743074-C74E-4C26-9E0C-2FB46D4E8043}.Debug|Any CPU.Build.0 = Debug|Any CPU
		{8E743074-C74E-4C26-9E0C-2FB46D4E8043}.Release|Any CPU.ActiveCfg = Release|Any CPU
		{8E743074-C74E-4C26-9E0C-2FB46D4E8043}.Release|Any CPU.Build.0 = Release|Any CPU
		{B5002526-D353-4995-9795-32F04E2408F8}.Debug|Any CPU.ActiveCfg = Debug|Any CPU
		{B5002526-D353-4995-9795-32F04E2408F8}.Debug|Any CPU.Build.0 = Debug|Any CPU
		{B5002526-D353-4995-9795-32F04E2408F8}.Release|Any CPU.ActiveCfg = Release|Any CPU
		{B5002526-D353-4995-9795-32F04E2408F8}.Release|Any CPU.Build.0 = Release|Any CPU
	EndGlobalSection
	GlobalSection(NestedProjects) = preSolution
		{75B8179F-0083-4511-8B77-954CC6F5907C} = {6B45A33A-4D04-4091-85AB-5D04FDE7B391}
		{F52F836D-A749-400B-AF10-DA34A0132491} = {6B45A33A-4D04-4091-85AB-5D04FDE7B391}
		{8E743074-C74E-4C26-9E0C-2FB46D4E8043} = {6B45A33A-4D04-4091-85AB-5D04FDE7B391}
		{B5002526-D353-4995-9795-32F04E2408F8} = {6B45A33A-4D04-4091-85AB-5D04FDE7B391}
	EndGlobalSection
EndGlobal
